
Microsoft Visual Studio Solution File, Format Version 12.00
# Visual Studio Version 17
VisualStudioVersion = 17.4.33213.308
MinimumVisualStudioVersion = 10.0.40219.1
Project("{FAE04EC0-301F-11D3-BF4B-00C04F79EFBC}") = "Module_9_3_4", "Module_9_3_4.csproj", "{2636FBAD-F70B-4F6F-9AFB-2B113B71D0DA}"
EndProject
Global
	GlobalSection(SolutionConfigurationPlatforms) = preSolution
		Debug|Any CPU = Debug|Any CPU
		Release|Any CPU = Release|Any CPU
	EndGlobalSection
	GlobalSection(ProjectConfigurationPlatforms) = postSolution
		{2636FBAD-F70B-4F6F-9AFB-2B113B71D0DA}.Debug|Any CPU.ActiveCfg = Debug|Any CPU
		{2636FBAD-F70B-4F6F-9AFB-2B113B71D0DA}.Debug|Any CPU.Build.0 = Debug|Any CPU
		{2636FBAD-F70B-4F6F-9AFB-2B113B71D0DA}.Release|Any CPU.ActiveCfg = Release|Any CPU
		{2636FBAD-F70B-4F6F-9AFB-2B113B71D0DA}.Release|Any CPU.Build.0 = Release|Any CPU
	EndGlobalSection
	GlobalSection(SolutionProperties) = preSolution
		HideSolutionNode = FALSE
	EndGlobalSection
	GlobalSection(ExtensibilityGlobals) = postSolution
		SolutionGuid = {907D6F9C-4438-4C9A-8A25-80516BC7CA6C}
	EndGlobalSection
EndGlobal
